
Microsoft Visual Studio Solution File, Format Version 12.00
# Visual Studio Version 17
VisualStudioVersion = 17.5.33530.505
MinimumVisualStudioVersion = 10.0.40219.1
Project("{FAE04EC0-301F-11D3-BF4B-00C04F79EFBC}") = "Brewery", "Brewery\Brewery.csproj", "{BB041104-9051-4B42-8AE1-499877BA550D}"
EndProject
Global
	GlobalSection(SolutionConfigurationPlatforms) = preSolution
		Debug|Any CPU = Debug|Any CPU
		Release|Any CPU = Release|Any CPU
	EndGlobalSection
	GlobalSection(ProjectConfigurationPlatforms) = postSolution
		{BB041104-9051-4B42-8AE1-499877BA550D}.Debug|Any CPU.ActiveCfg = Debug|Any CPU
		{BB041104-9051-4B42-8AE1-499877BA550D}.Debug|Any CPU.Build.0 = Debug|Any CPU
		{BB041104-9051-4B42-8AE1-499877BA550D}.Release|Any CPU.ActiveCfg = Release|Any CPU
		{BB041104-9051-4B42-8AE1-499877BA550D}.Release|Any CPU.Build.0 = Release|Any CPU
	EndGlobalSection
	GlobalSection(SolutionProperties) = preSolution
		HideSolutionNode = FALSE
	EndGlobalSection
	GlobalSection(ExtensibilityGlobals) = postSolution
		SolutionGuid = {DDACB433-6439-4927-B7B9-F0B9C862705C}
	EndGlobalSection
EndGlobal
